
Microsoft Visual Studio Solution File, Format Version 12.00
# Visual Studio Version 17
VisualStudioVersion = 17.8.34309.116
MinimumVisualStudioVersion = 10.0.40219.1
Project("{9A19103F-16F7-4668-BE54-9A1E7A4F7556}") = "JobScheduling.ConsoleApp", "JobScheduling.ConsoleApp\JobScheduling.ConsoleApp.csproj", "{F1D1A5B3-8A3B-4FF0-8FFC-E1D8F6A56859}"
EndProject
Project("{9A19103F-16F7-4668-BE54-9A1E7A4F7556}") = "JobScheduling.DependencyInjection", "JobScheduling.DependencyInjection\JobScheduling.DependencyInjection.csproj", "{1237FFEA-C7D7-441C-A635-9B0D793DC03E}"
EndProject
Project("{FAE04EC0-301F-11D3-BF4B-00C04F79EFBC}") = "JobScheduling.HangfireApp", "JobScheduling.HangfireApp\JobScheduling.HangfireApp.csproj", "{8ED31EC9-9A5F-4BDF-B29E-ADC314512FEE}"
EndProject
Global
	GlobalSection(SolutionConfigurationPlatforms) = preSolution
		Debug|Any CPU = Debug|Any CPU
		Release|Any CPU = Release|Any CPU
	EndGlobalSection
	GlobalSection(ProjectConfigurationPlatforms) = postSolution
		{F1D1A5B3-8A3B-4FF0-8FFC-E1D8F6A56859}.Debug|Any CPU.ActiveCfg = Debug|Any CPU
		{F1D1A5B3-8A3B-4FF0-8FFC-E1D8F6A56859}.Debug|Any CPU.Build.0 = Debug|Any CPU
		{F1D1A5B3-8A3B-4FF0-8FFC-E1D8F6A56859}.Release|Any CPU.ActiveCfg = Release|Any CPU
		{F1D1A5B3-8A3B-4FF0-8FFC-E1D8F6A56859}.Release|Any CPU.Build.0 = Release|Any CPU
		{1237FFEA-C7D7-441C-A635-9B0D793DC03E}.Debug|Any CPU.ActiveCfg = Debug|Any CPU
		{1237FFEA-C7D7-441C-A635-9B0D793DC03E}.Debug|Any CPU.Build.0 = Debug|Any CPU
		{1237FFEA-C7D7-441C-A635-9B0D793DC03E}.Release|Any CPU.ActiveCfg = Release|Any CPU
		{1237FFEA-C7D7-441C-A635-9B0D793DC03E}.Release|Any CPU.Build.0 = Release|Any CPU
		{8ED31EC9-9A5F-4BDF-B29E-ADC314512FEE}.Debug|Any CPU.ActiveCfg = Debug|Any CPU
		{8ED31EC9-9A5F-4BDF-B29E-ADC314512FEE}.Debug|Any CPU.Build.0 = Debug|Any CPU
		{8ED31EC9-9A5F-4BDF-B29E-ADC314512FEE}.Release|Any CPU.ActiveCfg = Release|Any CPU
		{8ED31EC9-9A5F-4BDF-B29E-ADC314512FEE}.Release|Any CPU.Build.0 = Release|Any CPU
	EndGlobalSection
	GlobalSection(SolutionProperties) = preSolution
		HideSolutionNode = FALSE
	EndGlobalSection
	GlobalSection(ExtensibilityGlobals) = postSolution
		SolutionGuid = {9C650303-995B-4931-85EC-2C2F124B64D3}
	EndGlobalSection
EndGlobal
